{
  "version": 4,
  "terraform_version": "1.7.3",
  "serial": 1,
  "lineage": "5f7bcacc-6bf5-c88b-24e7-59eff65da316",
  "outputs": {},
  "resources": [
    {
      "mode": "data",
      "type": "spotify_track",
      "name": "billo_rani",
      "provider": "provider[\"registry.terraform.io/conradludgate/spotify\"]",
      "instances": [
        {
          "schema_version": 0,
          "attributes": {
            "album": "7z88UjgHQa7qOJFxtvec59",
            "artists": [
              "1wRPtKGflJrBx9BmLsSwlU",
              "5ixQ5hSywFLUaxoaA0uVaH",
              "2hgViyN0RqyQQpfjIb0g3W"
            ],
            "id": "4NtaQSiRgkQ2Af8GSW0B0t",
            "name": "Billo Rani",
            "spotify_id": null,
            "url": "https://open.spotify.com/track/4NtaQSiRgkQ2Af8GSW0B0t"
          },
          "sensitive_attributes": []
        }
      ]
    },
    {
      "mode": "data",
      "type": "spotify_track",
      "name": "boombai_nagariya",
      "provider": "provider[\"registry.terraform.io/conradludgate/spotify\"]",
      "instances": [
        {
          "schema_version": 0,
          "attributes": {
            "album": "4IgOKnoqa9pwoZLpAL3kKd",
            "artists": [
              "2jqTyPt0UZGrthPF4KMpeN",
              "6CXEwIaXYfVJ84biCxqc9k",
              "4PkvJmT5oYNFXOSIBQmC6a",
              "0z4rTHNZKTcPJqrDdLpfmc"
            ],
            "id": "5ELnHiGkW0pEClDW8Aq2xz",
            "name": "Boombai Nagariya - Living In The City",
            "spotify_id": null,
            "url": "https://open.spotify.com/track/5ELnHiGkW0pEClDW8Aq2xz"
          },
          "sensitive_attributes": []
        }
      ]
    },
    {
      "mode": "data",
      "type": "spotify_track",
      "name": "chokra_jawaan",
      "provider": "provider[\"registry.terraform.io/conradludgate/spotify\"]",
      "instances": [
        {
          "schema_version": 0,
          "attributes": {
            "album": "7bJe5O77rwuYETK4zEp9Vu",
            "artists": [
              "7HCqGPJcQTyGJ2yqntbuyr",
              "6CXEwIaXYfVJ84biCxqc9k",
              "3eDT9fwXKuHWFvgZaaYC5v",
              "5vrekmDllMr5z3wHLRjusJ"
            ],
            "id": "0hL7tvMKBLW30sige6ctu7",
            "name": "Chokra Jawaan",
            "spotify_id": null,
            "url": "https://open.spotify.com/track/0hL7tvMKBLW30sige6ctu7"
          },
          "sensitive_attributes": []
        }
      ]
    },
    {
      "mode": "data",
      "type": "spotify_track",
      "name": "chor_bazaari",
      "provider": "provider[\"registry.terraform.io/conradludgate/spotify\"]",
      "instances": [
        {
          "schema_version": 0,
          "attributes": {
            "album": "2yoQE2XBnwdUyoOkoprTfT",
            "artists": [
              "3tHD07u1ON4uHxmnT9rwqZ",
              "3eDT9fwXKuHWFvgZaaYC5v",
              "1wRPtKGflJrBx9BmLsSwlU"
            ],
            "id": "4gqHEia13bp5EFWGitiKWx",
            "name": "Chor Bazaari",
            "spotify_id": null,
            "url": "https://open.spotify.com/track/4gqHEia13bp5EFWGitiKWx"
          },
          "sensitive_attributes": []
        }
      ]
    },
    {
      "mode": "data",
      "type": "spotify_track",
      "name": "deewangi",
      "provider": "provider[\"registry.terraform.io/conradludgate/spotify\"]",
      "instances": [
        {
          "schema_version": 0,
          "attributes": {
            "album": "2cUzlmLfL5LUTSEk7qG09k",
            "artists": [
              "5cB4d4jPYjMT326sjihQ4m",
              "70B80Lwx2sxti0M1Ng9e8K",
              "0oOet2f43PA68X5RxKobEy",
              "3eDT9fwXKuHWFvgZaaYC5v",
              "0uwp0t2eE8qxCatuNX23ch"
            ],
            "id": "7emLx4rVwr0tPyjktu7A7U",
            "name": "Deewangi Deewangi",
            "spotify_id": null,
            "url": "https://open.spotify.com/track/7emLx4rVwr0tPyjktu7A7U"
          },
          "sensitive_attributes": []
        }
      ]
    },
    {
      "mode": "data",
      "type": "spotify_track",
      "name": "dil_haara",
      "provider": "provider[\"registry.terraform.io/conradludgate/spotify\"]",
      "instances": [
        {
          "schema_version": 0,
          "attributes": {
            "album": "59p4XN8mbKxNCoY5nQJyN5",
            "artists": [
              "6Mv8GjQa7LKUGCAqa9qqdb",
              "19MVxKZZdPj2X0F8pi0OCT",
              "1EzHkoB4160h1B1xAyXSUR"
            ],
            "id": "5wIwMpBfTKoGmuOphrYrum",
            "name": "Dil Haara",
            "spotify_id": null,
            "url": "https://open.spotify.com/track/5wIwMpBfTKoGmuOphrYrum"
          },
          "sensitive_attributes": []
        }
      ]
    },
    {
      "mode": "data",
      "type": "spotify_track",
      "name": "dildaara",
      "provider": "provider[\"registry.terraform.io/conradludgate/spotify\"]",
      "instances": [
        {
          "schema_version": 0,
          "attributes": {
            "album": "5x2eTJrbEvmOTEcWWWubLy",
            "artists": [
              "5SuRAj1A9FEHj5NxS86YAm"
            ],
            "id": "6ZoCBDOB308GqUdt2AJrV2",
            "name": "Dildaara (Stand By Me)",
            "spotify_id": null,
            "url": "https://open.spotify.com/track/6ZoCBDOB308GqUdt2AJrV2"
          },
          "sensitive_attributes": []
        }
      ]
    },
    {
      "mode": "data",
      "type": "spotify_track",
      "name": "haan_tu_hain",
      "provider": "provider[\"registry.terraform.io/conradludgate/spotify\"]",
      "instances": [
        {
          "schema_version": 0,
          "attributes": {
            "album": "153Qw0xXJqhEFxvm9M9rE8",
            "artists": [
              "1wRPtKGflJrBx9BmLsSwlU",
              "4fEkbug6kZzzJ8eYX6Kbbp"
            ],
            "id": "4vgCpNUUcpEIBifidhQOnR",
            "name": "Haan Tu Hain",
            "spotify_id": null,
            "url": "https://open.spotify.com/track/4vgCpNUUcpEIBifidhQOnR"
          },
          "sensitive_attributes": []
        }
      ]
    },
    {
      "mode": "data",
      "type": "spotify_track",
      "name": "intaha_ho_gai_intezaar_ki",
      "provider": "provider[\"registry.terraform.io/conradludgate/spotify\"]",
      "instances": [
        {
          "schema_version": 0,
          "attributes": {
            "album": "3RsU2bGThQi8k9RvNvOUuu",
            "artists": [
              "0GF4shudTAFv8ak9eWdd4Y",
              "5as8A4G47Ohu9NSWs3Je8U"
            ],
            "id": "61OuMhMwq1ukmfrOnrrQGV",
            "name": "Intaha Ho Gai Intezar Ki",
            "spotify_id": null,
            "url": "https://open.spotify.com/track/61OuMhMwq1ukmfrOnrrQGV"
          },
          "sensitive_attributes": []
        }
      ]
    },
    {
      "mode": "data",
      "type": "spotify_track",
      "name": "jaane_kyun",
      "provider": "provider[\"registry.terraform.io/conradludgate/spotify\"]",
      "instances": [
        {
          "schema_version": 0,
          "attributes": {
            "album": "4MzefJUmigFTnjful2wuum",
            "artists": [
              "6Mv8GjQa7LKUGCAqa9qqdb",
              "6CXEwIaXYfVJ84biCxqc9k"
            ],
            "id": "6M2UnI1LnXuXlWU54CKmKx",
            "name": "Jaane Kyun",
            "spotify_id": null,
            "url": "https://open.spotify.com/track/6M2UnI1LnXuXlWU54CKmKx"
          },
          "sensitive_attributes": []
        }
      ]
    },
    {
      "mode": "data",
      "type": "spotify_track",
      "name": "jawani_jan-e-man_remix",
      "provider": "provider[\"registry.terraform.io/conradludgate/spotify\"]",
      "instances": [
        {
          "schema_version": 0,
          "attributes": {
            "album": "4cW11pLfUjWV14pJ3pO5ay",
            "artists": [
              "5as8A4G47Ohu9NSWs3Je8U",
              "2jqTyPt0UZGrthPF4KMpeN",
              "55ggcE9ebzNRujNKEEOd9E",
              "1FJBWEFrMqgKnMxKMGdpdw"
            ],
            "id": "5YC4Fxof7o65ZmCmNaY3HI",
            "name": "Jawani Jan-E-Man - Remixed By Pinto Johal",
            "spotify_id": null,
            "url": "https://open.spotify.com/track/5YC4Fxof7o65ZmCmNaY3HI"
          },
          "sensitive_attributes": []
        }
      ]
    },
    {
      "mode": "data",
      "type": "spotify_track",
      "name": "jhak_maar_ke",
      "provider": "provider[\"registry.terraform.io/conradludgate/spotify\"]",
      "instances": [
        {
          "schema_version": 0,
          "attributes": {
            "album": "1Ekdlu676aj6F9lDUcl7ht",
            "artists": [
              "1wRPtKGflJrBx9BmLsSwlU",
              "3tHD07u1ON4uHxmnT9rwqZ",
              "3xU8YsNNkmWSPewlB18NUz"
            ],
            "id": "7pTYN6Gxy3MOibdXmkzc5V",
            "name": "Jhak Maar Ke",
            "spotify_id": null,
            "url": "https://open.spotify.com/track/7pTYN6Gxy3MOibdXmkzc5V"
          },
          "sensitive_attributes": []
        }
      ]
    },
    {
      "mode": "data",
      "type": "spotify_track",
      "name": "khuda_jaane",
      "provider": "provider[\"registry.terraform.io/conradludgate/spotify\"]",
      "instances": [
        {
          "schema_version": 0,
          "attributes": {
            "album": "4mFLdK8SkUo3cx8ERLQC92",
            "artists": [
              "6Mv8GjQa7LKUGCAqa9qqdb",
              "4fEkbug6kZzzJ8eYX6Kbbp",
              "19LIHDDSHBD5NyYHI3gpzB",
              "4GEyPR3J4DYvuTRuPJQ0CW"
            ],
            "id": "0gPgdRfB4jdGrlyXS0Vx78",
            "name": "Khuda Jaane",
            "spotify_id": null,
            "url": "https://open.spotify.com/track/0gPgdRfB4jdGrlyXS0Vx78"
          },
          "sensitive_attributes": []
        }
      ]
    },
    {
      "mode": "data",
      "type": "spotify_track",
      "name": "kya_mujhe_pyaar_hai",
      "provider": "provider[\"registry.terraform.io/conradludgate/spotify\"]",
      "instances": [
        {
          "schema_version": 0,
          "attributes": {
            "album": "1dG5jJAa3ZiSWnpVd2uPao",
            "artists": [
              "4fEkbug6kZzzJ8eYX6Kbbp"
            ],
            "id": "7fW9J3EpVWVN1ouv0slAs0",
            "name": "Kya Mujhe Pyar Hai (From \"Woh Lamhe\")",
            "spotify_id": null,
            "url": "https://open.spotify.com/track/7fW9J3EpVWVN1ouv0slAs0"
          },
          "sensitive_attributes": []
        }
      ]
    },
    {
      "mode": "data",
      "type": "spotify_track",
      "name": "make_some_noise_for_the_desi_boyz",
      "provider": "provider[\"registry.terraform.io/conradludgate/spotify\"]",
      "instances": [
        {
          "schema_version": 0,
          "attributes": {
            "album": "1Ekdlu676aj6F9lDUcl7ht",
            "artists": [
              "1wRPtKGflJrBx9BmLsSwlU",
              "4fEkbug6kZzzJ8eYX6Kbbp",
              "69TcMkhvenAeokIhBGIUCQ"
            ],
            "id": "71s7tZo8OGlN3VXyURWLUr",
            "name": "Make Some Noise For The Desi Boyz",
            "spotify_id": null,
            "url": "https://open.spotify.com/track/71s7tZo8OGlN3VXyURWLUr"
          },
          "sensitive_attributes": []
        }
      ]
    },
    {
      "mode": "data",
      "type": "spotify_track",
      "name": "neele_neele_ambar_par",
      "provider": "provider[\"registry.terraform.io/conradludgate/spotify\"]",
      "instances": [
        {
          "schema_version": 0,
          "attributes": {
            "album": "3438iV4EeQYLyaqvT34AMa",
            "artists": [
              "7pWXlTjky0KXWgbdZi9ebq",
              "0GF4shudTAFv8ak9eWdd4Y"
            ],
            "id": "02zPo0Dt0R4TTFY5zLJZnK",
            "name": "Neele Neele Ambar Par - Male Version",
            "spotify_id": null,
            "url": "https://open.spotify.com/track/02zPo0Dt0R4TTFY5zLJZnK"
          },
          "sensitive_attributes": []
        }
      ]
    },
    {
      "mode": "data",
      "type": "spotify_track",
      "name": "phatela_jeb",
      "provider": "provider[\"registry.terraform.io/conradludgate/spotify\"]",
      "instances": [
        {
          "schema_version": 0,
          "attributes": {
            "album": "242U0UKhj69nZv23Qe9URj",
            "artists": [
              "0kdQsZTmzqhR2JYK3Bhg3Z",
              "4tma2wxDchrifG8Pflic4Q",
              "2AHn7YZlc4cxOpyKAIENPx"
            ],
            "id": "6Uz1AUpgcp7VPeJ2gTZIcy",
            "name": "Phatela Jeb - Aankhen / Soundtrack Version",
            "spotify_id": null,
            "url": "https://open.spotify.com/track/6Uz1AUpgcp7VPeJ2gTZIcy"
          },
          "sensitive_attributes": []
        }
      ]
    },
    {
      "mode": "data",
      "type": "spotify_track",
      "name": "prem_ki_naiyya",
      "provider": "provider[\"registry.terraform.io/conradludgate/spotify\"]",
      "instances": [
        {
          "schema_version": 0,
          "attributes": {
            "album": "13t8iDyl1vkhPcO3Zl29a9",
            "artists": [
              "3tHD07u1ON4uHxmnT9rwqZ",
              "4HQeSXwG2BVH0KvxHE5oCf",
              "1wRPtKGflJrBx9BmLsSwlU"
            ],
            "id": "2JDsi7S0UmtGoyVPTda0ao",
            "name": "Prem Ki Naiyya",
            "spotify_id": null,
            "url": "https://open.spotify.com/track/2JDsi7S0UmtGoyVPTda0ao"
          },
          "sensitive_attributes": []
        }
      ]
    },
    {
      "mode": "data",
      "type": "spotify_track",
      "name": "raat_baaqi_baat_baaqi",
      "provider": "provider[\"registry.terraform.io/conradludgate/spotify\"]",
      "instances": [
        {
          "schema_version": 0,
          "attributes": {
            "album": "6GlN0CagcUrcVteJChncZE",
            "artists": [
              "0CfWyW7pOVz3vD42BOBdHM",
              "5as8A4G47Ohu9NSWs3Je8U",
              "2jqTyPt0UZGrthPF4KMpeN"
            ],
            "id": "0uYROCXW2Eo3HCBK3lROBd",
            "name": "Raat Baaqi Baat Baaqi",
            "spotify_id": null,
            "url": "https://open.spotify.com/track/0uYROCXW2Eo3HCBK3lROBd"
          },
          "sensitive_attributes": []
        }
      ]
    },
    {
      "mode": "data",
      "type": "spotify_track",
      "name": "salaame-ishq-meri-jaan",
      "provider": "provider[\"registry.terraform.io/conradludgate/spotify\"]",
      "instances": [
        {
          "schema_version": 0,
          "attributes": {
            "album": "5iuWbRrIYDp6Q4ViSNxVXL",
            "artists": [
              "61JrslREXq98hurYL2hYoc",
              "0GF4shudTAFv8ak9eWdd4Y",
              "7pWXlTjky0KXWgbdZi9ebq"
            ],
            "id": "2flgH9pEowTIC9QWiMxfQm",
            "name": "Salame-Ishq Meri Jaan",
            "spotify_id": null,
            "url": "https://open.spotify.com/track/2flgH9pEowTIC9QWiMxfQm"
          },
          "sensitive_attributes": []
        }
      ]
    },
    {
      "mode": "data",
      "type": "spotify_track",
      "name": "senorita",
      "provider": "provider[\"registry.terraform.io/conradludgate/spotify\"]",
      "instances": [
        {
          "schema_version": 0,
          "attributes": {
            "album": "6Baavsh6HfNka1IyvPrr24",
            "artists": [
              "0XL6ie7a0NY5FM05b9Rn5L",
              "5TWDvkVWG1vayan1QA9q8U",
              "1WTFOsRsg1Vzx5NzyE53JR",
              "1BUoAbyYuvOr13MjHqgdOy"
            ],
            "id": "3TAhWtQnpoL5Vl9VQPl9fU",
            "name": "Senorita",
            "spotify_id": null,
            "url": "https://open.spotify.com/track/3TAhWtQnpoL5Vl9VQPl9fU"
          },
          "sensitive_attributes": []
        }
      ]
    },
    {
      "mode": "data",
      "type": "spotify_track",
      "name": "tayyab_ali",
      "provider": "provider[\"registry.terraform.io/conradludgate/spotify\"]",
      "instances": [
        {
          "schema_version": 0,
          "attributes": {
            "album": "381lOukp7nV59bJS13TkPe",
            "artists": [
              "4W91bbPB2CTSsHwt7eqNl7"
            ],
            "id": "1X26j1LBm7LrOZddkMdFZl",
            "name": "Tayyab Ali",
            "spotify_id": null,
            "url": "https://open.spotify.com/track/1X26j1LBm7LrOZddkMdFZl"
          },
          "sensitive_attributes": []
        }
      ]
    },
    {
      "mode": "data",
      "type": "spotify_track",
      "name": "tum_hi_ho_bandhu",
      "provider": "provider[\"registry.terraform.io/conradludgate/spotify\"]",
      "instances": [
        {
          "schema_version": 0,
          "attributes": {
            "album": "1y5h6GBXEgFjBDHThikj1w",
            "artists": [
              "3tHD07u1ON4uHxmnT9rwqZ",
              "3nQ125TJobosBH446Dsvvv",
              "1wRPtKGflJrBx9BmLsSwlU"
            ],
            "id": "7H3mfOvtPNA8YDF3EdKy0L",
            "name": "Tum Hi Ho Bandhu",
            "spotify_id": null,
            "url": "https://open.spotify.com/track/7H3mfOvtPNA8YDF3EdKy0L"
          },
          "sensitive_attributes": []
        }
      ]
    },
    {
      "mode": "data",
      "type": "spotify_track",
      "name": "tum_saath_ho_jab_apne",
      "provider": "provider[\"registry.terraform.io/conradludgate/spotify\"]",
      "instances": [
        {
          "schema_version": 0,
          "attributes": {
            "album": "3uVcRjvmtAJZn72jotnfM1",
            "artists": [
              "5as8A4G47Ohu9NSWs3Je8U",
              "0GF4shudTAFv8ak9eWdd4Y",
              "2JSYASbWU5Y0fVpts3Eq7g"
            ],
            "id": "1mnsVrjQF95VywJ9igXbuZ",
            "name": "Tum Saath Ho Jab Apne - From \"Kaalia\"",
            "spotify_id": null,
            "url": "https://open.spotify.com/track/1mnsVrjQF95VywJ9igXbuZ"
          },
          "sensitive_attributes": []
        }
      ]
    },
    {
      "mode": "data",
      "type": "spotify_track",
      "name": "yaar_bina_chain_kaha_re",
      "provider": "provider[\"registry.terraform.io/conradludgate/spotify\"]",
      "instances": [
        {
          "schema_version": 0,
          "attributes": {
            "album": "5CknHm912teQ2WUbCqNqqy",
            "artists": [
              "2jqTyPt0UZGrthPF4KMpeN",
              "5Xpg6PBSUOoho2lI9qLjiu"
            ],
            "id": "5k38rm1bPeiKG6D12s4XoN",
            "name": "Yaar Bina Chain Kanha Ray",
            "spotify_id": null,
            "url": "https://open.spotify.com/track/5k38rm1bPeiKG6D12s4XoN"
          },
          "sensitive_attributes": []
        }
      ]
    },
    {
      "mode": "data",
      "type": "spotify_track",
      "name": "yahan_ke_hum_sikandar",
      "provider": "provider[\"registry.terraform.io/conradludgate/spotify\"]",
      "instances": [
        {
          "schema_version": 0,
          "attributes": {
            "album": "5kLMrZCuDaS3QCpcRsSJk7",
            "artists": [
              "70B80Lwx2sxti0M1Ng9e8K",
              "1HGMG8RHvcu1mfdM9MeTek",
              "4YgUVg4p7xtMOrOS4GjiJZ"
            ],
            "id": "3X6TqmDERcXzkbCwCW7huc",
            "name": "Yahan Ke Hum Sikandar",
            "spotify_id": null,
            "url": "https://open.spotify.com/track/3X6TqmDERcXzkbCwCW7huc"
          },
          "sensitive_attributes": []
        }
      ]
    },
    {
      "mode": "data",
      "type": "spotify_track",
      "name": "ye_tune_kya_kiya",
      "provider": "provider[\"registry.terraform.io/conradludgate/spotify\"]",
      "instances": [
        {
          "schema_version": 0,
          "attributes": {
            "album": "381lOukp7nV59bJS13TkPe",
            "artists": [
              "1wRPtKGflJrBx9BmLsSwlU",
              "5diMmmNkRVfgUnXJrzXzjZ"
            ],
            "id": "2cPUB8EOT6AfJ8oxhyoNXL",
            "name": "Ye Tune Kya Kiya",
            "spotify_id": null,
            "url": "https://open.spotify.com/track/2cPUB8EOT6AfJ8oxhyoNXL"
          },
          "sensitive_attributes": []
        }
      ]
    },
    {
      "mode": "managed",
      "type": "spotify_playlist",
      "name": "my_fav_playlist",
      "provider": "provider[\"registry.terraform.io/conradludgate/spotify\"]",
      "instances": [
        {
          "schema_version": 0,
          "attributes": {
            "description": "My fav bolly playlist",
            "id": "1cvAUOUwCbTxfpyiBzbXEO",
            "name": "terraform_bollywood_playlist",
            "public": true,
            "snapshot_id": "AAAAAhekh6hpCjgFU6GlqEuRdOjAl+vi",
            "tracks": [
              "5wIwMpBfTKoGmuOphrYrum",
              "2flgH9pEowTIC9QWiMxfQm",
              "7emLx4rVwr0tPyjktu7A7U",
              "7pTYN6Gxy3MOibdXmkzc5V",
              "3X6TqmDERcXzkbCwCW7huc",
              "5k38rm1bPeiKG6D12s4XoN",
              "7H3mfOvtPNA8YDF3EdKy0L",
              "7fW9J3EpVWVN1ouv0slAs0",
              "1mnsVrjQF95VywJ9igXbuZ",
              "2JDsi7S0UmtGoyVPTda0ao",
              "6Uz1AUpgcp7VPeJ2gTZIcy",
              "02zPo0Dt0R4TTFY5zLJZnK",
              "4vgCpNUUcpEIBifidhQOnR",
              "0uYROCXW2Eo3HCBK3lROBd",
              "4gqHEia13bp5EFWGitiKWx",
              "1X26j1LBm7LrOZddkMdFZl",
              "2cPUB8EOT6AfJ8oxhyoNXL",
              "0hL7tvMKBLW30sige6ctu7",
              "61OuMhMwq1ukmfrOnrrQGV",
              "5YC4Fxof7o65ZmCmNaY3HI",
              "71s7tZo8OGlN3VXyURWLUr",
              "3TAhWtQnpoL5Vl9VQPl9fU",
              "0gPgdRfB4jdGrlyXS0Vx78",
              "6ZoCBDOB308GqUdt2AJrV2",
              "4NtaQSiRgkQ2Af8GSW0B0t",
              "6M2UnI1LnXuXlWU54CKmKx"
            ]
          },
          "sensitive_attributes": [],
          "private": "bnVsbA==",
          "dependencies": [
            "data.spotify_track.billo_rani",
            "data.spotify_track.chokra_jawaan",
            "data.spotify_track.chor_bazaari",
            "data.spotify_track.deewangi",
            "data.spotify_track.dil_haara",
            "data.spotify_track.dildaara",
            "data.spotify_track.haan_tu_hain",
            "data.spotify_track.intaha_ho_gai_intezaar_ki",
            "data.spotify_track.jaane_kyun",
            "data.spotify_track.jawani_jan-e-man_remix",
            "data.spotify_track.jhak_maar_ke",
            "data.spotify_track.khuda_jaane",
            "data.spotify_track.kya_mujhe_pyaar_hai",
            "data.spotify_track.make_some_noise_for_the_desi_boyz",
            "data.spotify_track.neele_neele_ambar_par",
            "data.spotify_track.phatela_jeb",
            "data.spotify_track.prem_ki_naiyya",
            "data.spotify_track.raat_baaqi_baat_baaqi",
            "data.spotify_track.salaame-ishq-meri-jaan",
            "data.spotify_track.senorita",
            "data.spotify_track.tayyab_ali",
            "data.spotify_track.tum_hi_ho_bandhu",
            "data.spotify_track.tum_saath_ho_jab_apne",
            "data.spotify_track.yaar_bina_chain_kaha_re",
            "data.spotify_track.yahan_ke_hum_sikandar",
            "data.spotify_track.ye_tune_kya_kiya"
          ]
        }
      ]
    }
  ],
  "check_results": null
}
